{
  "version": 4,
  "terraform_version": "1.6.3",
  "serial": 12,
  "lineage": "26279099-38e9-c236-5312-bcd91c83c0d6",
  "outputs": {},
  "resources": [
    {
      "mode": "managed",
      "type": "google_bigquery_dataset",
      "name": "dataset",
      "provider": "provider[\"registry.terraform.io/hashicorp/google\"]",
      "instances": [
        {
          "schema_version": 0,
          "attributes": {
            "access": [
              {
                "dataset": [],
                "domain": "",
                "group_by_email": "",
                "iam_member": "",
                "role": "OWNER",
                "routine": [],
                "special_group": "",
                "user_by_email": "swood@resultant.com",
                "view": []
              },
              {
                "dataset": [],
                "domain": "",
                "group_by_email": "",
                "iam_member": "",
                "role": "OWNER",
                "routine": [],
                "special_group": "projectOwners",
                "user_by_email": "",
                "view": []
              },
              {
                "dataset": [],
                "domain": "",
                "group_by_email": "",
                "iam_member": "",
                "role": "READER",
                "routine": [],
                "special_group": "projectReaders",
                "user_by_email": "",
                "view": []
              },
              {
                "dataset": [],
                "domain": "",
                "group_by_email": "",
                "iam_member": "",
                "role": "WRITER",
                "routine": [],
                "special_group": "projectWriters",
                "user_by_email": "",
                "view": []
              }
            ],
            "creation_time": 1698347368637,
            "dataset_id": "test_fhir_integration",
            "default_collation": "",
            "default_encryption_configuration": [],
            "default_partition_expiration_ms": 0,
            "default_table_expiration_ms": 0,
            "delete_contents_on_destroy": false,
            "description": "",
            "effective_labels": {},
            "etag": "r+YSz3WscOYtcrc6/Dp1BQ==",
            "friendly_name": "",
            "id": "projects/colorado-shie-project-757665/datasets/test_fhir_integration",
            "is_case_insensitive": false,
            "labels": {},
            "last_modified_time": 1698347368637,
            "location": "US",
            "max_time_travel_hours": "168",
            "project": "colorado-shie-project-757665",
            "self_link": "https://bigquery.googleapis.com/bigquery/v2/projects/colorado-shie-project-757665/datasets/test_fhir_integration",
            "storage_billing_model": "LOGICAL",
            "terraform_labels": {},
            "timeouts": {
              "create": null,
              "delete": null,
              "update": null
            }
          },
          "sensitive_attributes": [],
          "private": "eyJlMmJmYjczMC1lY2FhLTExZTYtOGY4OC0zNDM2M2JjN2M0YzAiOnsiY3JlYXRlIjoxMjAwMDAwMDAwMDAwLCJkZWxldGUiOjEyMDAwMDAwMDAwMDAsInVwZGF0ZSI6MTIwMDAwMDAwMDAwMH0sInNjaGVtYV92ZXJzaW9uIjoiMCJ9",
          "dependencies": [
            "google_project.project"
          ]
        }
      ]
    },
    {
      "mode": "managed",
      "type": "google_healthcare_dataset",
      "name": "dataset",
      "provider": "provider[\"registry.terraform.io/hashicorp/google-beta\"]",
      "instances": [
        {
          "schema_version": 0,
          "attributes": {
            "id": "projects/colorado-shie-project-757665/locations/us-central1/datasets/test-hl7-dataset",
            "location": "us-central1",
            "name": "test-hl7-dataset",
            "project": "colorado-shie-project-757665",
            "self_link": "projects/colorado-shie-project-757665/locations/us-central1/datasets/test-hl7-dataset",
            "time_zone": "UTC",
            "timeouts": null
          },
          "sensitive_attributes": [],
          "private": "eyJlMmJmYjczMC1lY2FhLTExZTYtOGY4OC0zNDM2M2JjN2M0YzAiOnsiY3JlYXRlIjoxMjAwMDAwMDAwMDAwLCJkZWxldGUiOjEyMDAwMDAwMDAwMDAsInVwZGF0ZSI6MTIwMDAwMDAwMDAwMH19"
        }
      ]
    },
    {
      "mode": "managed",
      "type": "google_healthcare_hl7_v2_store",
      "name": "store",
      "provider": "provider[\"registry.terraform.io/hashicorp/google-beta\"]",
      "instances": [
        {
          "schema_version": 0,
          "attributes": {
            "dataset": "projects/colorado-shie-project-757665/locations/us-central1/datasets/test-hl7-dataset",
            "effective_labels": {},
            "id": "projects/colorado-shie-project-757665/locations/us-central1/datasets/test-hl7-dataset/hl7V2Stores/coshie-test-hl7-v2-store",
            "labels": null,
            "name": "coshie-test-hl7-v2-store",
            "notification_config": [],
            "notification_configs": [
              {
                "filter": "",
                "pubsub_topic": "projects/colorado-shie-project-757665/topics/coshie-hl7-test-topic"
              }
            ],
            "parser_config": [
              {
                "allow_null_header": false,
                "schema": "",
                "segment_terminator": "Jw==",
                "version": "V2"
              }
            ],
            "self_link": "projects/colorado-shie-project-757665/locations/us-central1/datasets/test-hl7-dataset/hl7V2Stores/coshie-test-hl7-v2-store",
            "terraform_labels": {},
            "timeouts": null
          },
          "sensitive_attributes": [],
          "private": "eyJlMmJmYjczMC1lY2FhLTExZTYtOGY4OC0zNDM2M2JjN2M0YzAiOnsiY3JlYXRlIjoxMjAwMDAwMDAwMDAwLCJkZWxldGUiOjEyMDAwMDAwMDAwMDAsInVwZGF0ZSI6MTIwMDAwMDAwMDAwMH19",
          "dependencies": [
            "google_healthcare_dataset.dataset",
            "google_pubsub_topic.hl7_test_topic"
          ]
        }
      ]
    },
    {
      "mode": "managed",
      "type": "google_project",
      "name": "project",
      "provider": "provider[\"registry.terraform.io/hashicorp/google\"]",
      "instances": [
        {
          "schema_version": 1,
          "attributes": {
            "auto_create_network": true,
            "billing_account": null,
            "effective_labels": {},
            "folder_id": "",
            "id": "projects/colorado-shie-project-757665",
            "labels": {},
            "name": "Colorado SHIE Project 757665",
            "number": "484766626703",
            "org_id": "577905868606",
            "project_id": "colorado-shie-project-757665",
            "skip_delete": null,
            "terraform_labels": {},
            "timeouts": {
              "create": null,
              "delete": null,
              "read": null,
              "update": null
            }
          },
          "sensitive_attributes": [],
          "private": "eyJlMmJmYjczMC1lY2FhLTExZTYtOGY4OC0zNDM2M2JjN2M0YzAiOnsiY3JlYXRlIjo2MDAwMDAwMDAwMDAsImRlbGV0ZSI6NjAwMDAwMDAwMDAwLCJyZWFkIjo2MDAwMDAwMDAwMDAsInVwZGF0ZSI6NjAwMDAwMDAwMDAwfSwic2NoZW1hX3ZlcnNpb24iOiIxIn0="
        }
      ]
    },
    {
      "mode": "managed",
      "type": "google_project_iam_member",
      "name": "hl7_pubsub_binding",
      "provider": "provider[\"registry.terraform.io/hashicorp/google\"]",
      "instances": [
        {
          "schema_version": 0,
          "attributes": {
            "condition": [],
            "etag": "BwYKD5CfdUE=",
            "id": "colorado-shie-project-757665/roles/pubsub.publisher/serviceAccount:service-484766626703@gcp-sa-healthcare.iam.gserviceaccount.com",
            "member": "serviceAccount:service-484766626703@gcp-sa-healthcare.iam.gserviceaccount.com",
            "project": "colorado-shie-project-757665",
            "role": "roles/pubsub.publisher"
          },
          "sensitive_attributes": [],
          "private": "bnVsbA=="
        }
      ]
    },
    {
      "mode": "managed",
      "type": "google_project_service",
      "name": "bigquery",
      "provider": "provider[\"registry.terraform.io/hashicorp/google\"]",
      "instances": [
        {
          "schema_version": 0,
          "attributes": {
            "disable_dependent_services": null,
            "disable_on_destroy": false,
            "id": "colorado-shie-project-757665/bigquery.googleapis.com",
            "project": "colorado-shie-project-757665",
            "service": "bigquery.googleapis.com",
            "timeouts": {
              "create": "30m",
              "delete": null,
              "read": null,
              "update": "40m"
            }
          },
          "sensitive_attributes": [],
          "private": "eyJlMmJmYjczMC1lY2FhLTExZTYtOGY4OC0zNDM2M2JjN2M0YzAiOnsiY3JlYXRlIjoxODAwMDAwMDAwMDAwLCJkZWxldGUiOjEyMDAwMDAwMDAwMDAsInJlYWQiOjYwMDAwMDAwMDAwMCwidXBkYXRlIjoyNDAwMDAwMDAwMDAwfX0=",
          "dependencies": [
            "google_project.project"
          ]
        }
      ]
    },
    {
      "mode": "managed",
      "type": "google_pubsub_topic",
      "name": "hl7_test_topic",
      "provider": "provider[\"registry.terraform.io/hashicorp/google\"]",
      "instances": [
        {
          "schema_version": 0,
          "attributes": {
            "effective_labels": {},
            "id": "projects/colorado-shie-project-757665/topics/coshie-hl7-test-topic",
            "kms_key_name": "",
            "labels": {},
            "message_retention_duration": "86600s",
            "message_storage_policy": [],
            "name": "coshie-hl7-test-topic",
            "project": "colorado-shie-project-757665",
            "schema_settings": [],
            "terraform_labels": {},
            "timeouts": null
          },
          "sensitive_attributes": [],
          "private": "eyJlMmJmYjczMC1lY2FhLTExZTYtOGY4OC0zNDM2M2JjN2M0YzAiOnsiY3JlYXRlIjoxMjAwMDAwMDAwMDAwLCJkZWxldGUiOjEyMDAwMDAwMDAwMDAsInVwZGF0ZSI6MTIwMDAwMDAwMDAwMH19"
        }
      ]
    }
  ],
  "check_results": null
}
